
Microsoft Visual Studio Solution File, Format Version 12.00
# Visual Studio Version 17
VisualStudioVersion = 17.0.31423.177
MinimumVisualStudioVersion = 10.0.40219.1
Project("{FAE04EC0-301F-11D3-BF4B-00C04F79EFBC}") = "FlightPlanner3.Web", "FlightPlanner3.Web.csproj", "{13325195-29A4-4058-B629-CAACCB7CD7BB}"
EndProject
Project("{FAE04EC0-301F-11D3-BF4B-00C04F79EFBC}") = "FlightPlanner.Core", "..\FlightPlanner.Core\FlightPlanner.Core.csproj", "{7AE592EF-66DA-4852-8F33-ED675220BA96}"
EndProject
Project("{FAE04EC0-301F-11D3-BF4B-00C04F79EFBC}") = "FLightPlanner.Data", "..\FLightPlanner.Data\FLightPlanner.Data.csproj", "{5489DB36-377F-43A4-AAB8-35D85FCB8204}"
EndProject
Project("{FAE04EC0-301F-11D3-BF4B-00C04F79EFBC}") = "FlightPlanner.Services", "..\FlightPlanner.Services\FlightPlanner.Services.csproj", "{A0B43119-A67B-4D40-993D-BCB02FA0F59E}"
EndProject
Global
	GlobalSection(SolutionConfigurationPlatforms) = preSolution
		Debug|Any CPU = Debug|Any CPU
		Release|Any CPU = Release|Any CPU
	EndGlobalSection
	GlobalSection(ProjectConfigurationPlatforms) = postSolution
		{13325195-29A4-4058-B629-CAACCB7CD7BB}.Debug|Any CPU.ActiveCfg = Debug|Any CPU
		{13325195-29A4-4058-B629-CAACCB7CD7BB}.Debug|Any CPU.Build.0 = Debug|Any CPU
		{13325195-29A4-4058-B629-CAACCB7CD7BB}.Release|Any CPU.ActiveCfg = Release|Any CPU
		{13325195-29A4-4058-B629-CAACCB7CD7BB}.Release|Any CPU.Build.0 = Release|Any CPU
		{7AE592EF-66DA-4852-8F33-ED675220BA96}.Debug|Any CPU.ActiveCfg = Debug|Any CPU
		{7AE592EF-66DA-4852-8F33-ED675220BA96}.Debug|Any CPU.Build.0 = Debug|Any CPU
		{7AE592EF-66DA-4852-8F33-ED675220BA96}.Release|Any CPU.ActiveCfg = Release|Any CPU
		{7AE592EF-66DA-4852-8F33-ED675220BA96}.Release|Any CPU.Build.0 = Release|Any CPU
		{5489DB36-377F-43A4-AAB8-35D85FCB8204}.Debug|Any CPU.ActiveCfg = Debug|Any CPU
		{5489DB36-377F-43A4-AAB8-35D85FCB8204}.Debug|Any CPU.Build.0 = Debug|Any CPU
		{5489DB36-377F-43A4-AAB8-35D85FCB8204}.Release|Any CPU.ActiveCfg = Release|Any CPU
		{5489DB36-377F-43A4-AAB8-35D85FCB8204}.Release|Any CPU.Build.0 = Release|Any CPU
		{A0B43119-A67B-4D40-993D-BCB02FA0F59E}.Debug|Any CPU.ActiveCfg = Debug|Any CPU
		{A0B43119-A67B-4D40-993D-BCB02FA0F59E}.Debug|Any CPU.Build.0 = Debug|Any CPU
		{A0B43119-A67B-4D40-993D-BCB02FA0F59E}.Release|Any CPU.ActiveCfg = Release|Any CPU
		{A0B43119-A67B-4D40-993D-BCB02FA0F59E}.Release|Any CPU.Build.0 = Release|Any CPU
	EndGlobalSection
	GlobalSection(SolutionProperties) = preSolution
		HideSolutionNode = FALSE
	EndGlobalSection
	GlobalSection(ExtensibilityGlobals) = postSolution
		SolutionGuid = {8FDC2FA0-E0D0-4D6D-AAE4-610D51D6ADB7}
	EndGlobalSection
EndGlobal
